<?xml version="1.0" encoding="utf-8"?>
<Project ToolsVersion="4.0" xmlns="http://schemas.microsoft.com/developer/msbuild/2003">
  <ItemGroup>
    <Filter Include="Testovi">
      <UniqueIdentifier>{fcccabaa-a0ea-475e-9bb0-15a19869bd4b}</UniqueIdentifier>
    </Filter>
    <Filter Include="External References">
      <UniqueIdentifier>{46f2f003-5f09-4e9c-9ee7-0b6383cd4e8f}</UniqueIdentifier>
    </Filter>
  </ItemGroup>
  <ItemGroup>
    <ClCompile Include="Testovi.c">
      <Filter>Testovi</Filter>
    </ClCompile>
    <ClCompile Include="StresTestRunner.c" />
    <ClCompile Include="loadBalancer.c">
      <Filter>External References</Filter>
    </ClCompile>
    <ClCompile Include="worker.c">
      <Filter>External References</Filter>
    </ClCompile>
  </ItemGroup>
  <ItemGroup>
    <ClInclude Include="Testovi.h">
      <Filter>Testovi</Filter>
    </ClInclude>
    <ClInclude Include="loadBalancer.h">
      <Filter>External References</Filter>
    </ClInclude>
    <ClInclude Include="worker.h">
      <Filter>External References</Filter>
    </ClInclude>
  </ItemGroup>
</Project>